<?xml version="1.0" encoding="utf-8"?>
<Project ToolsVersion="4.0" xmlns="http://schemas.microsoft.com/developer/msbuild/2003">
  <ItemGroup>
    <Filter Include="源文件">
      <UniqueIdentifier>{4FC737F1-C7A5-4376-A066-2A32D752A2FF}</UniqueIdentifier>
      <Extensions>cpp;c;cc;cxx;def;odl;idl;hpj;bat;asm;asmx</Extensions>
    </Filter>
    <Filter Include="头文件">
      <UniqueIdentifier>{93995380-89BD-4b04-88EB-625FBE52EBFB}</UniqueIdentifier>
      <Extensions>h;hpp;hxx;hm;inl;inc;xsd</Extensions>
    </Filter>
    <Filter Include="资源文件">
      <UniqueIdentifier>{67DA6AB6-F800-4c08-8B7A-83BB121AAD01}</UniqueIdentifier>
      <Extensions>rc;ico;cur;bmp;dlg;rc2;rct;bin;rgs;gif;jpg;jpeg;jpe;resx;tiff;tif;png;wav;mfcribbon-ms</Extensions>
    </Filter>
  </ItemGroup>
  <ItemGroup>
    <ClInclude Include="..\..\..\..\..\..\firefox-httpp\7.0\src\udptHttppHandler.h">
      <Filter>头文件</Filter>
    </ClInclude>
    <ClInclude Include="..\..\..\..\..\..\firefox-httpp\7.0\src\udptProxyInfo.h">
      <Filter>头文件</Filter>
    </ClInclude>
    <ClInclude Include="..\..\..\..\..\..\firefox-httpp\7.0\src\udptransport.h">
      <Filter>头文件</Filter>
    </ClInclude>
    <ClInclude Include="..\..\..\..\..\..\firefox-httpp\7.0\src\udt_pr.h">
      <Filter>头文件</Filter>
    </ClInclude>
    <ClInclude Include="..\..\..\..\..\..\firefox-httpp\7.0\src\udtSocketProvider.h">
      <Filter>头文件</Filter>
    </ClInclude>
    <ClInclude Include="..\..\src\api.h">
      <Filter>头文件</Filter>
    </ClInclude>
    <ClInclude Include="..\..\src\buffer.h">
      <Filter>头文件</Filter>
    </ClInclude>
    <ClInclude Include="..\..\src\cache.h">
      <Filter>头文件</Filter>
    </ClInclude>
    <ClInclude Include="..\..\src\cc_cwrapper.h">
      <Filter>头文件</Filter>
    </ClInclude>
    <ClInclude Include="..\..\src\ccc.h">
      <Filter>头文件</Filter>
    </ClInclude>
    <ClInclude Include="..\..\src\channel.h">
      <Filter>头文件</Filter>
    </ClInclude>
    <ClInclude Include="..\..\src\common.h">
      <Filter>头文件</Filter>
    </ClInclude>
    <ClInclude Include="..\..\src\core.h">
      <Filter>头文件</Filter>
    </ClInclude>
    <ClInclude Include="..\..\src\epoll.h">
      <Filter>头文件</Filter>
    </ClInclude>
    <ClInclude Include="..\..\src\list.h">
      <Filter>头文件</Filter>
    </ClInclude>
    <ClInclude Include="..\..\src\md5.h">
      <Filter>头文件</Filter>
    </ClInclude>
    <ClInclude Include="..\..\src\packet.h">
      <Filter>头文件</Filter>
    </ClInclude>
    <ClInclude Include="..\..\src\queue.h">
      <Filter>头文件</Filter>
    </ClInclude>
    <ClInclude Include="..\..\src\udt.h">
      <Filter>头文件</Filter>
    </ClInclude>
    <ClInclude Include="..\..\src\udt_cwrapper.h">
      <Filter>头文件</Filter>
    </ClInclude>
    <ClInclude Include="..\..\src\window.h">
      <Filter>头文件</Filter>
    </ClInclude>
  </ItemGroup>
  <ItemGroup>
    <ClCompile Include="..\..\..\..\..\..\firefox-httpp\7.0\src\udptHttppHandler.cpp">
      <Filter>源文件</Filter>
    </ClCompile>
    <ClCompile Include="..\..\..\..\..\..\firefox-httpp\7.0\src\udptProxyInfo.cpp">
      <Filter>源文件</Filter>
    </ClCompile>
    <ClCompile Include="..\..\..\..\..\..\firefox-httpp\7.0\src\udptransportModule.cpp">
      <Filter>源文件</Filter>
    </ClCompile>
    <ClCompile Include="..\..\..\..\..\..\firefox-httpp\7.0\src\udt_pr.cpp">
      <Filter>源文件</Filter>
    </ClCompile>
    <ClCompile Include="..\..\..\..\..\..\firefox-httpp\7.0\src\udtSocketProvider.cpp">
      <Filter>源文件</Filter>
    </ClCompile>
    <ClCompile Include="..\..\src\api.cpp">
      <Filter>源文件</Filter>
    </ClCompile>
    <ClCompile Include="..\..\src\buffer.cpp">
      <Filter>源文件</Filter>
    </ClCompile>
    <ClCompile Include="..\..\src\cache.cpp">
      <Filter>源文件</Filter>
    </ClCompile>
    <ClCompile Include="..\..\src\ccc.cpp">
      <Filter>源文件</Filter>
    </ClCompile>
    <ClCompile Include="..\..\src\channel.cpp">
      <Filter>源文件</Filter>
    </ClCompile>
    <ClCompile Include="..\..\src\common.cpp">
      <Filter>源文件</Filter>
    </ClCompile>
    <ClCompile Include="..\..\src\core.cpp">
      <Filter>源文件</Filter>
    </ClCompile>
    <ClCompile Include="..\..\src\epoll.cpp">
      <Filter>源文件</Filter>
    </ClCompile>
    <ClCompile Include="..\..\src\list.cpp">
      <Filter>源文件</Filter>
    </ClCompile>
    <ClCompile Include="..\..\src\md5.cpp">
      <Filter>源文件</Filter>
    </ClCompile>
    <ClCompile Include="..\..\src\packet.cpp">
      <Filter>源文件</Filter>
    </ClCompile>
    <ClCompile Include="..\..\src\queue.cpp">
      <Filter>源文件</Filter>
    </ClCompile>
    <ClCompile Include="..\..\src\udt_cwrapper.cpp">
      <Filter>源文件</Filter>
    </ClCompile>
    <ClCompile Include="..\..\src\window.cpp">
      <Filter>源文件</Filter>
    </ClCompile>
  </ItemGroup>
</Project>